// !$*UTF8*$!
{
	archiveVersion = 1;
	classes = {
	};
	objectVersion = 48;
	objects = {

/* Begin PBXBuildFile section */
		32A46B22B0CFDE1AF713B877 /* Pods_WKWebDemoUITests.framework in Frameworks */ = {isa = PBXBuildFile; fileRef = 39568478AE5FC85D11F6ACF2 /* Pods_WKWebDemoUITests.framework */; };
		B6B51F411FA9705C00B69E7B /* ReplacingImageURLProtocol.m in Sources */ = {isa = PBXBuildFile; fileRef = B6B51F3F1FA9705C00B69E7B /* ReplacingImageURLProtocol.m */; };
		B6B51F441FA9706700B69E7B /* NSURLProtocol+WebKitSupport.m in Sources */ = {isa = PBXBuildFile; fileRef = B6B51F431FA9706700B69E7B /* NSURLProtocol+WebKitSupport.m */; };
		B6FEF4821F99919A0019876D /* AppDelegate.m in Sources */ = {isa = PBXBuildFile; fileRef = B6FEF4811F99919A0019876D /* AppDelegate.m */; };
		B6FEF4881F99919A0019876D /* Main.storyboard in Resources */ = {isa = PBXBuildFile; fileRef = B6FEF4861F99919A0019876D /* Main.storyboard */; };
		B6FEF48A1F99919A0019876D /* Assets.xcassets in Resources */ = {isa = PBXBuildFile; fileRef = B6FEF4891F99919A0019876D /* Assets.xcassets */; };
		B6FEF48D1F99919A0019876D /* LaunchScreen.storyboard in Resources */ = {isa = PBXBuildFile; fileRef = B6FEF48B1F99919A0019876D /* LaunchScreen.storyboard */; };
		B6FEF4901F99919A0019876D /* main.m in Sources */ = {isa = PBXBuildFile; fileRef = B6FEF48F1F99919A0019876D /* main.m */; };
		B6FEF49A1F99919A0019876D /* WKWebDemoTests.m in Sources */ = {isa = PBXBuildFile; fileRef = B6FEF4991F99919A0019876D /* WKWebDemoTests.m */; };
		B6FEF4A51F99919A0019876D /* WKWebDemoUITests.m in Sources */ = {isa = PBXBuildFile; fileRef = B6FEF4A41F99919A0019876D /* WKWebDemoUITests.m */; };
		B6FEF4B91F99BA6D0019876D /* WKPregressWebView.m in Sources */ = {isa = PBXBuildFile; fileRef = B6FEF4B81F99BA6C0019876D /* WKPregressWebView.m */; };
		B6FEF4BC1F99BB070019876D /* TabBarController.m in Sources */ = {isa = PBXBuildFile; fileRef = B6FEF4BB1F99BB070019876D /* TabBarController.m */; };
		B6FEF4BF1F99BB280019876D /* HomeController.m in Sources */ = {isa = PBXBuildFile; fileRef = B6FEF4BE1F99BB280019876D /* HomeController.m */; };
		B6FEF4C21F99BB3E0019876D /* MyController.m in Sources */ = {isa = PBXBuildFile; fileRef = B6FEF4C11F99BB3E0019876D /* MyController.m */; };
		B6FEF4C41F99C2A00019876D /* demo.html in Resources */ = {isa = PBXBuildFile; fileRef = B6FEF4C31F99C2A00019876D /* demo.html */; };
		B6FEF4C71F99E93B0019876D /* NavigationController.m in Sources */ = {isa = PBXBuildFile; fileRef = B6FEF4C61F99E93B0019876D /* NavigationController.m */; };
		EC2C99452357CEB268BE9C1F /* Pods_WKWebDemoTests.framework in Frameworks */ = {isa = PBXBuildFile; fileRef = B433F45D2C35C029D66433DB /* Pods_WKWebDemoTests.framework */; };
		EE30921C5B4D4252F432A2E0 /* Pods_WKWebDemo.framework in Frameworks */ = {isa = PBXBuildFile; fileRef = A551B49CD51CE2A1CCCDBE10 /* Pods_WKWebDemo.framework */; };
/* End PBXBuildFile section */

/* Begin PBXContainerItemProxy section */
		B6FEF4961F99919A0019876D /* PBXContainerItemProxy */ = {
			isa = PBXContainerItemProxy;
			containerPortal = B6FEF4751F99919A0019876D /* Project object */;
			proxyType = 1;
			remoteGlobalIDString = B6FEF47C1F99919A0019876D;
			remoteInfo = WKWebDemo;
		};
		B6FEF4A11F99919A0019876D /* PBXContainerItemProxy */ = {
			isa = PBXContainerItemProxy;
			containerPortal = B6FEF4751F99919A0019876D /* Project object */;
			proxyType = 1;
			remoteGlobalIDString = B6FEF47C1F99919A0019876D;
			remoteInfo = WKWebDemo;
		};
/* End PBXContainerItemProxy section */

/* Begin PBXFileReference section */
		0F916B2EC0D170A6CE1AF7E3 /* Pods-WKWebDemoUITests.release.xcconfig */ = {isa = PBXFileReference; includeInIndex = 1; lastKnownFileType = text.xcconfig; name = "Pods-WKWebDemoUITests.release.xcconfig"; path = "Pods/Target Support Files/Pods-WKWebDemoUITests/Pods-WKWebDemoUITests.release.xcconfig"; sourceTree = "<group>"; };
		39029BB276A42325E14E12C1 /* Pods-WKWebDemoUITests.debug.xcconfig */ = {isa = PBXFileReference; includeInIndex = 1; lastKnownFileType = text.xcconfig; name = "Pods-WKWebDemoUITests.debug.xcconfig"; path = "Pods/Target Support Files/Pods-WKWebDemoUITests/Pods-WKWebDemoUITests.debug.xcconfig"; sourceTree = "<group>"; };
		39568478AE5FC85D11F6ACF2 /* Pods_WKWebDemoUITests.framework */ = {isa = PBXFileReference; explicitFileType = wrapper.framework; includeInIndex = 0; path = Pods_WKWebDemoUITests.framework; sourceTree = BUILT_PRODUCTS_DIR; };
		400D756AE706EEBBF90952D5 /* Pods-WKWebDemo.release.xcconfig */ = {isa = PBXFileReference; includeInIndex = 1; lastKnownFileType = text.xcconfig; name = "Pods-WKWebDemo.release.xcconfig"; path = "Pods/Target Support Files/Pods-WKWebDemo/Pods-WKWebDemo.release.xcconfig"; sourceTree = "<group>"; };
		752D1709DA973F5CE1054DFE /* Pods-WKWebDemoTests.release.xcconfig */ = {isa = PBXFileReference; includeInIndex = 1; lastKnownFileType = text.xcconfig; name = "Pods-WKWebDemoTests.release.xcconfig"; path = "Pods/Target Support Files/Pods-WKWebDemoTests/Pods-WKWebDemoTests.release.xcconfig"; sourceTree = "<group>"; };
		A551B49CD51CE2A1CCCDBE10 /* Pods_WKWebDemo.framework */ = {isa = PBXFileReference; explicitFileType = wrapper.framework; includeInIndex = 0; path = Pods_WKWebDemo.framework; sourceTree = BUILT_PRODUCTS_DIR; };
		B433F45D2C35C029D66433DB /* Pods_WKWebDemoTests.framework */ = {isa = PBXFileReference; explicitFileType = wrapper.framework; includeInIndex = 0; path = Pods_WKWebDemoTests.framework; sourceTree = BUILT_PRODUCTS_DIR; };
		B5A8BFBB4EA189BAC0C00E32 /* Pods-WKWebDemoTests.debug.xcconfig */ = {isa = PBXFileReference; includeInIndex = 1; lastKnownFileType = text.xcconfig; name = "Pods-WKWebDemoTests.debug.xcconfig"; path = "Pods/Target Support Files/Pods-WKWebDemoTests/Pods-WKWebDemoTests.debug.xcconfig"; sourceTree = "<group>"; };
		B6B51F3F1FA9705C00B69E7B /* ReplacingImageURLProtocol.m */ = {isa = PBXFileReference; fileEncoding = 4; lastKnownFileType = sourcecode.c.objc; path = ReplacingImageURLProtocol.m; sourceTree = "<group>"; };
		B6B51F401FA9705C00B69E7B /* ReplacingImageURLProtocol.h */ = {isa = PBXFileReference; fileEncoding = 4; lastKnownFileType = sourcecode.c.h; path = ReplacingImageURLProtocol.h; sourceTree = "<group>"; };
		B6B51F421FA9706600B69E7B /* NSURLProtocol+WebKitSupport.h */ = {isa = PBXFileReference; fileEncoding = 4; lastKnownFileType = sourcecode.c.h; path = "NSURLProtocol+WebKitSupport.h"; sourceTree = "<group>"; };
		B6B51F431FA9706700B69E7B /* NSURLProtocol+WebKitSupport.m */ = {isa = PBXFileReference; fileEncoding = 4; lastKnownFileType = sourcecode.c.objc; path = "NSURLProtocol+WebKitSupport.m"; sourceTree = "<group>"; };
		B6FEF47D1F99919A0019876D /* WKWebDemo.app */ = {isa = PBXFileReference; explicitFileType = wrapper.application; includeInIndex = 0; path = WKWebDemo.app; sourceTree = BUILT_PRODUCTS_DIR; };
		B6FEF4801F99919A0019876D /* AppDelegate.h */ = {isa = PBXFileReference; lastKnownFileType = sourcecode.c.h; path = AppDelegate.h; sourceTree = "<group>"; };
		B6FEF4811F99919A0019876D /* AppDelegate.m */ = {isa = PBXFileReference; lastKnownFileType = sourcecode.c.objc; path = AppDelegate.m; sourceTree = "<group>"; };
		B6FEF4871F99919A0019876D /* Base */ = {isa = PBXFileReference; lastKnownFileType = file.storyboard; name = Base; path = Base.lproj/Main.storyboard; sourceTree = "<group>"; };
		B6FEF4891F99919A0019876D /* Assets.xcassets */ = {isa = PBXFileReference; lastKnownFileType = folder.assetcatalog; path = Assets.xcassets; sourceTree = "<group>"; };
		B6FEF48C1F99919A0019876D /* Base */ = {isa = PBXFileReference; lastKnownFileType = file.storyboard; name = Base; path = Base.lproj/LaunchScreen.storyboard; sourceTree = "<group>"; };
		B6FEF48E1F99919A0019876D /* Info.plist */ = {isa = PBXFileReference; lastKnownFileType = text.plist.xml; path = Info.plist; sourceTree = "<group>"; };
		B6FEF48F1F99919A0019876D /* main.m */ = {isa = PBXFileReference; lastKnownFileType = sourcecode.c.objc; path = main.m; sourceTree = "<group>"; };
		B6FEF4951F99919A0019876D /* WKWebDemoTests.xctest */ = {isa = PBXFileReference; explicitFileType = wrapper.cfbundle; includeInIndex = 0; path = WKWebDemoTests.xctest; sourceTree = BUILT_PRODUCTS_DIR; };
		B6FEF4991F99919A0019876D /* WKWebDemoTests.m */ = {isa = PBXFileReference; lastKnownFileType = sourcecode.c.objc; path = WKWebDemoTests.m; sourceTree = "<group>"; };
		B6FEF49B1F99919A0019876D /* Info.plist */ = {isa = PBXFileReference; lastKnownFileType = text.plist.xml; path = Info.plist; sourceTree = "<group>"; };
		B6FEF4A01F99919A0019876D /* WKWebDemoUITests.xctest */ = {isa = PBXFileReference; explicitFileType = wrapper.cfbundle; includeInIndex = 0; path = WKWebDemoUITests.xctest; sourceTree = BUILT_PRODUCTS_DIR; };
		B6FEF4A41F99919A0019876D /* WKWebDemoUITests.m */ = {isa = PBXFileReference; lastKnownFileType = sourcecode.c.objc; path = WKWebDemoUITests.m; sourceTree = "<group>"; };
		B6FEF4A61F99919A0019876D /* Info.plist */ = {isa = PBXFileReference; lastKnownFileType = text.plist.xml; path = Info.plist; sourceTree = "<group>"; };
		B6FEF4B71F99BA6C0019876D /* WKPregressWebView.h */ = {isa = PBXFileReference; fileEncoding = 4; lastKnownFileType = sourcecode.c.h; path = WKPregressWebView.h; sourceTree = "<group>"; };
		B6FEF4B81F99BA6C0019876D /* WKPregressWebView.m */ = {isa = PBXFileReference; fileEncoding = 4; lastKnownFileType = sourcecode.c.objc; path = WKPregressWebView.m; sourceTree = "<group>"; };
		B6FEF4BA1F99BB070019876D /* TabBarController.h */ = {isa = PBXFileReference; lastKnownFileType = sourcecode.c.h; path = TabBarController.h; sourceTree = "<group>"; };
		B6FEF4BB1F99BB070019876D /* TabBarController.m */ = {isa = PBXFileReference; lastKnownFileType = sourcecode.c.objc; path = TabBarController.m; sourceTree = "<group>"; };
		B6FEF4BD1F99BB280019876D /* HomeController.h */ = {isa = PBXFileReference; lastKnownFileType = sourcecode.c.h; path = HomeController.h; sourceTree = "<group>"; };
		B6FEF4BE1F99BB280019876D /* HomeController.m */ = {isa = PBXFileReference; lastKnownFileType = sourcecode.c.objc; path = HomeController.m; sourceTree = "<group>"; };
		B6FEF4C01F99BB3E0019876D /* MyController.h */ = {isa = PBXFileReference; lastKnownFileType = sourcecode.c.h; path = MyController.h; sourceTree = "<group>"; };
		B6FEF4C11F99BB3E0019876D /* MyController.m */ = {isa = PBXFileReference; lastKnownFileType = sourcecode.c.objc; path = MyController.m; sourceTree = "<group>"; };
		B6FEF4C31F99C2A00019876D /* demo.html */ = {isa = PBXFileReference; lastKnownFileType = text.html; path = demo.html; sourceTree = "<group>"; };
		B6FEF4C51F99E93B0019876D /* NavigationController.h */ = {isa = PBXFileReference; lastKnownFileType = sourcecode.c.h; path = NavigationController.h; sourceTree = "<group>"; };
		B6FEF4C61F99E93B0019876D /* NavigationController.m */ = {isa = PBXFileReference; lastKnownFileType = sourcecode.c.objc; path = NavigationController.m; sourceTree = "<group>"; };
		E83236DC83B2FC3D4EFED844 /* Pods-WKWebDemo.debug.xcconfig */ = {isa = PBXFileReference; includeInIndex = 1; lastKnownFileType = text.xcconfig; name = "Pods-WKWebDemo.debug.xcconfig"; path = "Pods/Target Support Files/Pods-WKWebDemo/Pods-WKWebDemo.debug.xcconfig"; sourceTree = "<group>"; };
/* End PBXFileReference section */

/* Begin PBXFrameworksBuildPhase section */
		B6FEF47A1F99919A0019876D /* Frameworks */ = {
			isa = PBXFrameworksBuildPhase;
			buildActionMask = 2147483647;
			files = (
				EE30921C5B4D4252F432A2E0 /* Pods_WKWebDemo.framework in Frameworks */,
			);
			runOnlyForDeploymentPostprocessing = 0;
		};
		B6FEF4921F99919A0019876D /* Frameworks */ = {
			isa = PBXFrameworksBuildPhase;
			buildActionMask = 2147483647;
			files = (
				EC2C99452357CEB268BE9C1F /* Pods_WKWebDemoTests.framework in Frameworks */,
			);
			runOnlyForDeploymentPostprocessing = 0;
		};
		B6FEF49D1F99919A0019876D /* Frameworks */ = {
			isa = PBXFrameworksBuildPhase;
			buildActionMask = 2147483647;
			files = (
				32A46B22B0CFDE1AF713B877 /* Pods_WKWebDemoUITests.framework in Frameworks */,
			);
			runOnlyForDeploymentPostprocessing = 0;
		};
/* End PBXFrameworksBuildPhase section */

/* Begin PBXGroup section */
		25C6DA3A04AF3A0077D28820 /* Pods */ = {
			isa = PBXGroup;
			children = (
				E83236DC83B2FC3D4EFED844 /* Pods-WKWebDemo.debug.xcconfig */,
				400D756AE706EEBBF90952D5 /* Pods-WKWebDemo.release.xcconfig */,
				B5A8BFBB4EA189BAC0C00E32 /* Pods-WKWebDemoTests.debug.xcconfig */,
				752D1709DA973F5CE1054DFE /* Pods-WKWebDemoTests.release.xcconfig */,
				39029BB276A42325E14E12C1 /* Pods-WKWebDemoUITests.debug.xcconfig */,
				0F916B2EC0D170A6CE1AF7E3 /* Pods-WKWebDemoUITests.release.xcconfig */,
			);
			name = Pods;
			sourceTree = "<group>";
		};
		B6FEF4741F99919A0019876D = {
			isa = PBXGroup;
			children = (
				B6FEF47F1F99919A0019876D /* WKWebDemo */,
				B6FEF4981F99919A0019876D /* WKWebDemoTests */,
				B6FEF4A31F99919A0019876D /* WKWebDemoUITests */,
				B6FEF47E1F99919A0019876D /* Products */,
				25C6DA3A04AF3A0077D28820 /* Pods */,
				DBCBA1337D27420C072EFF55 /* Frameworks */,
			);
			sourceTree = "<group>";
		};
		B6FEF47E1F99919A0019876D /* Products */ = {
			isa = PBXGroup;
			children = (
				B6FEF47D1F99919A0019876D /* WKWebDemo.app */,
				B6FEF4951F99919A0019876D /* WKWebDemoTests.xctest */,
				B6FEF4A01F99919A0019876D /* WKWebDemoUITests.xctest */,
			);
			name = Products;
			sourceTree = "<group>";
		};
		B6FEF47F1F99919A0019876D /* WKWebDemo */ = {
			isa = PBXGroup;
			children = (
				B6FEF4801F99919A0019876D /* AppDelegate.h */,
				B6FEF4811F99919A0019876D /* AppDelegate.m */,
				B6FEF4BA1F99BB070019876D /* TabBarController.h */,
				B6FEF4BB1F99BB070019876D /* TabBarController.m */,
				B6FEF4C51F99E93B0019876D /* NavigationController.h */,
				B6FEF4C61F99E93B0019876D /* NavigationController.m */,
				B6FEF4BD1F99BB280019876D /* HomeController.h */,
				B6FEF4BE1F99BB280019876D /* HomeController.m */,
				B6FEF4C01F99BB3E0019876D /* MyController.h */,
				B6FEF4C11F99BB3E0019876D /* MyController.m */,
				B6FEF4B61F99BA6C0019876D /* WKWebview */,
				B6FEF4861F99919A0019876D /* Main.storyboard */,
				B6FEF4891F99919A0019876D /* Assets.xcassets */,
				B6FEF48B1F99919A0019876D /* LaunchScreen.storyboard */,
				B6FEF48E1F99919A0019876D /* Info.plist */,
				B6FEF48F1F99919A0019876D /* main.m */,
			);
			path = WKWebDemo;
			sourceTree = "<group>";
		};
		B6FEF4981F99919A0019876D /* WKWebDemoTests */ = {
			isa = PBXGroup;
			children = (
				B6FEF4991F99919A0019876D /* WKWebDemoTests.m */,
				B6FEF49B1F99919A0019876D /* Info.plist */,
			);
			path = WKWebDemoTests;
			sourceTree = "<group>";
		};
		B6FEF4A31F99919A0019876D /* WKWebDemoUITests */ = {
			isa = PBXGroup;
			children = (
				B6FEF4A41F99919A0019876D /* WKWebDemoUITests.m */,
				B6FEF4A61F99919A0019876D /* Info.plist */,
			);
			path = WKWebDemoUITests;
			sourceTree = "<group>";
		};
		B6FEF4B61F99BA6C0019876D /* WKWebview */ = {
			isa = PBXGroup;
			children = (
				B6FEF4B71F99BA6C0019876D /* WKPregressWebView.h */,
				B6FEF4B81F99BA6C0019876D /* WKPregressWebView.m */,
				B6B51F401FA9705C00B69E7B /* ReplacingImageURLProtocol.h */,
				B6B51F3F1FA9705C00B69E7B /* ReplacingImageURLProtocol.m */,
				B6B51F421FA9706600B69E7B /* NSURLProtocol+WebKitSupport.h */,
				B6B51F431FA9706700B69E7B /* NSURLProtocol+WebKitSupport.m */,
				B6FEF4C31F99C2A00019876D /* demo.html */,
			);
			path = WKWebview;
			sourceTree = "<group>";
		};
		DBCBA1337D27420C072EFF55 /* Frameworks */ = {
			isa = PBXGroup;
			children = (
				A551B49CD51CE2A1CCCDBE10 /* Pods_WKWebDemo.framework */,
				B433F45D2C35C029D66433DB /* Pods_WKWebDemoTests.framework */,
				39568478AE5FC85D11F6ACF2 /* Pods_WKWebDemoUITests.framework */,
			);
			name = Frameworks;
			sourceTree = "<group>";
		};
/* End PBXGroup section */

/* Begin PBXNativeTarget section */
		B6FEF47C1F99919A0019876D /* WKWebDemo */ = {
			isa = PBXNativeTarget;
			buildConfigurationList = B6FEF4A91F99919A0019876D /* Build configuration list for PBXNativeTarget "WKWebDemo" */;
			buildPhases = (
				E9BAE6922DE982EE6AEA04C3 /* [CP] Check Pods Manifest.lock */,
				B6FEF4791F99919A0019876D /* Sources */,
				B6FEF47A1F99919A0019876D /* Frameworks */,
				B6FEF47B1F99919A0019876D /* Resources */,
				D52FB7580A425F4D50868192 /* [CP] Embed Pods Frameworks */,
				0C1442F7BB785694F9A09DF7 /* [CP] Copy Pods Resources */,
			);
			buildRules = (
			);
			dependencies = (
			);
			name = WKWebDemo;
			productName = WKWebDemo;
			productReference = B6FEF47D1F99919A0019876D /* WKWebDemo.app */;
			productType = "com.apple.product-type.application";
		};
		B6FEF4941F99919A0019876D /* WKWebDemoTests */ = {
			isa = PBXNativeTarget;
			buildConfigurationList = B6FEF4AC1F99919A0019876D /* Build configuration list for PBXNativeTarget "WKWebDemoTests" */;
			buildPhases = (
				AC6195CFC063DE5E6A8FE5BB /* [CP] Check Pods Manifest.lock */,
				B6FEF4911F99919A0019876D /* Sources */,
				B6FEF4921F99919A0019876D /* Frameworks */,
				B6FEF4931F99919A0019876D /* Resources */,
				DF7000F35245789CBE6D432E /* [CP] Embed Pods Frameworks */,
				655B6A9F6C2768775DC38948 /* [CP] Copy Pods Resources */,
			);
			buildRules = (
			);
			dependencies = (
				B6FEF4971F99919A0019876D /* PBXTargetDependency */,
			);
			name = WKWebDemoTests;
			productName = WKWebDemoTests;
			productReference = B6FEF4951F99919A0019876D /* WKWebDemoTests.xctest */;
			productType = "com.apple.product-type.bundle.unit-test";
		};
		B6FEF49F1F99919A0019876D /* WKWebDemoUITests */ = {
			isa = PBXNativeTarget;
			buildConfigurationList = B6FEF4AF1F99919A0019876D /* Build configuration list for PBXNativeTarget "WKWebDemoUITests" */;
			buildPhases = (
				DC85E5925792B40E91474ED5 /* [CP] Check Pods Manifest.lock */,
				B6FEF49C1F99919A0019876D /* Sources */,
				B6FEF49D1F99919A0019876D /* Frameworks */,
				B6FEF49E1F99919A0019876D /* Resources */,
				BF24F86E5E4B0DE417D17EAE /* [CP] Embed Pods Frameworks */,
				D84D7E11A631B2974773B2FB /* [CP] Copy Pods Resources */,
			);
			buildRules = (
			);
			dependencies = (
				B6FEF4A21F99919A0019876D /* PBXTargetDependency */,
			);
			name = WKWebDemoUITests;
			productName = WKWebDemoUITests;
			productReference = B6FEF4A01F99919A0019876D /* WKWebDemoUITests.xctest */;
			productType = "com.apple.product-type.bundle.ui-testing";
		};
/* End PBXNativeTarget section */

/* Begin PBXProject section */
		B6FEF4751F99919A0019876D /* Project object */ = {
			isa = PBXProject;
			attributes = {
				LastUpgradeCheck = 0900;
				ORGANIZATIONNAME = Jion;
				TargetAttributes = {
					B6FEF47C1F99919A0019876D = {
						CreatedOnToolsVersion = 9.0.1;
						ProvisioningStyle = Automatic;
					};
					B6FEF4941F99919A0019876D = {
						CreatedOnToolsVersion = 9.0.1;
						ProvisioningStyle = Automatic;
						TestTargetID = B6FEF47C1F99919A0019876D;
					};
					B6FEF49F1F99919A0019876D = {
						CreatedOnToolsVersion = 9.0.1;
						ProvisioningStyle = Automatic;
						TestTargetID = B6FEF47C1F99919A0019876D;
					};
				};
			};
			buildConfigurationList = B6FEF4781F99919A0019876D /* Build configuration list for PBXProject "WKWebDemo" */;
			compatibilityVersion = "Xcode 8.0";
			developmentRegion = en;
			hasScannedForEncodings = 0;
			knownRegions = (
				en,
				Base,
			);
			mainGroup = B6FEF4741F99919A0019876D;
			productRefGroup = B6FEF47E1F99919A0019876D /* Products */;
			projectDirPath = "";
			projectRoot = "";
			targets = (
				B6FEF47C1F99919A0019876D /* WKWebDemo */,
				B6FEF4941F99919A0019876D /* WKWebDemoTests */,
				B6FEF49F1F99919A0019876D /* WKWebDemoUITests */,
			);
		};
/* End PBXProject section */

/* Begin PBXResourcesBuildPhase section */
		B6FEF47B1F99919A0019876D /* Resources */ = {
			isa = PBXResourcesBuildPhase;
			buildActionMask = 2147483647;
			files = (
				B6FEF48D1F99919A0019876D /* LaunchScreen.storyboard in Resources */,
				B6FEF4C41F99C2A00019876D /* demo.html in Resources */,
				B6FEF48A1F99919A0019876D /* Assets.xcassets in Resources */,
				B6FEF4881F99919A0019876D /* Main.storyboard in Resources */,
			);
			runOnlyForDeploymentPostprocessing = 0;
		};
		B6FEF4931F99919A0019876D /* Resources */ = {
			isa = PBXResourcesBuildPhase;
			buildActionMask = 2147483647;
			files = (
			);
			runOnlyForDeploymentPostprocessing = 0;
		};
		B6FEF49E1F99919A0019876D /* Resources */ = {
			isa = PBXResourcesBuildPhase;
			buildActionMask = 2147483647;
			files = (
			);
			runOnlyForDeploymentPostprocessing = 0;
		};
/* End PBXResourcesBuildPhase section */

/* Begin PBXShellScriptBuildPhase section */
		0C1442F7BB785694F9A09DF7 /* [CP] Copy Pods Resources */ = {
			isa = PBXShellScriptBuildPhase;
			buildActionMask = 2147483647;
			files = (
			);
			inputPaths = (
			);
			name = "[CP] Copy Pods Resources";
			outputPaths = (
			);
			runOnlyForDeploymentPostprocessing = 0;
			shellPath = /bin/sh;
			shellScript = "\"${SRCROOT}/Pods/Target Support Files/Pods-WKWebDemo/Pods-WKWebDemo-resources.sh\"\n";
			showEnvVarsInLog = 0;
		};
		655B6A9F6C2768775DC38948 /* [CP] Copy Pods Resources */ = {
			isa = PBXShellScriptBuildPhase;
			buildActionMask = 2147483647;
			files = (
			);
			inputPaths = (
			);
			name = "[CP] Copy Pods Resources";
			outputPaths = (
			);
			runOnlyForDeploymentPostprocessing = 0;
			shellPath = /bin/sh;
			shellScript = "\"${SRCROOT}/Pods/Target Support Files/Pods-WKWebDemoTests/Pods-WKWebDemoTests-resources.sh\"\n";
			showEnvVarsInLog = 0;
		};
		AC6195CFC063DE5E6A8FE5BB /* [CP] Check Pods Manifest.lock */ = {
			isa = PBXShellScriptBuildPhase;
			buildActionMask = 2147483647;
			files = (
			);
			inputPaths = (
			);
			name = "[CP] Check Pods Manifest.lock";
			outputPaths = (
			);
			runOnlyForDeploymentPostprocessing = 0;
			shellPath = /bin/sh;
			shellScript = "diff \"${PODS_ROOT}/../Podfile.lock\" \"${PODS_ROOT}/Manifest.lock\" > /dev/null\nif [ $? != 0 ] ; then\n    # print error to STDERR\n    echo \"error: The sandbox is not in sync with the Podfile.lock. Run 'pod install' or update your CocoaPods installation.\" >&2\n    exit 1\nfi\n";
			showEnvVarsInLog = 0;
		};
		BF24F86E5E4B0DE417D17EAE /* [CP] Embed Pods Frameworks */ = {
			isa = PBXShellScriptBuildPhase;
			buildActionMask = 2147483647;
			files = (
			);
			inputPaths = (
			);
			name = "[CP] Embed Pods Frameworks";
			outputPaths = (
			);
			runOnlyForDeploymentPostprocessing = 0;
			shellPath = /bin/sh;
			shellScript = "\"${SRCROOT}/Pods/Target Support Files/Pods-WKWebDemoUITests/Pods-WKWebDemoUITests-frameworks.sh\"\n";
			showEnvVarsInLog = 0;
		};
		D52FB7580A425F4D50868192 /* [CP] Embed Pods Frameworks */ = {
			isa = PBXShellScriptBuildPhase;
			buildActionMask = 2147483647;
			files = (
			);
			inputPaths = (
			);
			name = "[CP] Embed Pods Frameworks";
			outputPaths = (
			);
			runOnlyForDeploymentPostprocessing = 0;
			shellPath = /bin/sh;
			shellScript = "\"${SRCROOT}/Pods/Target Support Files/Pods-WKWebDemo/Pods-WKWebDemo-frameworks.sh\"\n";
			showEnvVarsInLog = 0;
		};
		D84D7E11A631B2974773B2FB /* [CP] Copy Pods Resources */ = {
			isa = PBXShellScriptBuildPhase;
			buildActionMask = 2147483647;
			files = (
			);
			inputPaths = (
			);
			name = "[CP] Copy Pods Resources";
			outputPaths = (
			);
			runOnlyForDeploymentPostprocessing = 0;
			shellPath = /bin/sh;
			shellScript = "\"${SRCROOT}/Pods/Target Support Files/Pods-WKWebDemoUITests/Pods-WKWebDemoUITests-resources.sh\"\n";
			showEnvVarsInLog = 0;
		};
		DC85E5925792B40E91474ED5 /* [CP] Check Pods Manifest.lock */ = {
			isa = PBXShellScriptBuildPhase;
			buildActionMask = 2147483647;
			files = (
			);
			inputPaths = (
			);
			name = "[CP] Check Pods Manifest.lock";
			outputPaths = (
			);
			runOnlyForDeploymentPostprocessing = 0;
			shellPath = /bin/sh;
			shellScript = "diff \"${PODS_ROOT}/../Podfile.lock\" \"${PODS_ROOT}/Manifest.lock\" > /dev/null\nif [ $? != 0 ] ; then\n    # print error to STDERR\n    echo \"error: The sandbox is not in sync with the Podfile.lock. Run 'pod install' or update your CocoaPods installation.\" >&2\n    exit 1\nfi\n";
			showEnvVarsInLog = 0;
		};
		DF7000F35245789CBE6D432E /* [CP] Embed Pods Frameworks */ = {
			isa = PBXShellScriptBuildPhase;
			buildActionMask = 2147483647;
			files = (
			);
			inputPaths = (
			);
			name = "[CP] Embed Pods Frameworks";
			outputPaths = (
			);
			runOnlyForDeploymentPostprocessing = 0;
			shellPath = /bin/sh;
			shellScript = "\"${SRCROOT}/Pods/Target Support Files/Pods-WKWebDemoTests/Pods-WKWebDemoTests-frameworks.sh\"\n";
			showEnvVarsInLog = 0;
		};
		E9BAE6922DE982EE6AEA04C3 /* [CP] Check Pods Manifest.lock */ = {
			isa = PBXShellScriptBuildPhase;
			buildActionMask = 2147483647;
			files = (
			);
			inputPaths = (
			);
			name = "[CP] Check Pods Manifest.lock";
			outputPaths = (
			);
			runOnlyForDeploymentPostprocessing = 0;
			shellPath = /bin/sh;
			shellScript = "diff \"${PODS_ROOT}/../Podfile.lock\" \"${PODS_ROOT}/Manifest.lock\" > /dev/null\nif [ $? != 0 ] ; then\n    # print error to STDERR\n    echo \"error: The sandbox is not in sync with the Podfile.lock. Run 'pod install' or update your CocoaPods installation.\" >&2\n    exit 1\nfi\n";
			showEnvVarsInLog = 0;
		};
/* End PBXShellScriptBuildPhase section */

/* Begin PBXSourcesBuildPhase section */
		B6FEF4791F99919A0019876D /* Sources */ = {
			isa = PBXSourcesBuildPhase;
			buildActionMask = 2147483647;
			files = (
				B6FEF4B91F99BA6D0019876D /* WKPregressWebView.m in Sources */,
				B6FEF4BC1F99BB070019876D /* TabBarController.m in Sources */,
				B6FEF4901F99919A0019876D /* main.m in Sources */,
				B6B51F411FA9705C00B69E7B /* ReplacingImageURLProtocol.m in Sources */,
				B6B51F441FA9706700B69E7B /* NSURLProtocol+WebKitSupport.m in Sources */,
				B6FEF4C21F99BB3E0019876D /* MyController.m in Sources */,
				B6FEF4BF1F99BB280019876D /* HomeController.m in Sources */,
				B6FEF4821F99919A0019876D /* AppDelegate.m in Sources */,
				B6FEF4C71F99E93B0019876D /* NavigationController.m in Sources */,
			);
			runOnlyForDeploymentPostprocessing = 0;
		};
		B6FEF4911F99919A0019876D /* Sources */ = {
			isa = PBXSourcesBuildPhase;
			buildActionMask = 2147483647;
			files = (
				B6FEF49A1F99919A0019876D /* WKWebDemoTests.m in Sources */,
			);
			runOnlyForDeploymentPostprocessing = 0;
		};
		B6FEF49C1F99919A0019876D /* Sources */ = {
			isa = PBXSourcesBuildPhase;
			buildActionMask = 2147483647;
			files = (
				B6FEF4A51F99919A0019876D /* WKWebDemoUITests.m in Sources */,
			);
			runOnlyForDeploymentPostprocessing = 0;
		};
/* End PBXSourcesBuildPhase section */

/* Begin PBXTargetDependency section */
		B6FEF4971F99919A0019876D /* PBXTargetDependency */ = {
			isa = PBXTargetDependency;
			target = B6FEF47C1F99919A0019876D /* WKWebDemo */;
			targetProxy = B6FEF4961F99919A0019876D /* PBXContainerItemProxy */;
		};
		B6FEF4A21F99919A0019876D /* PBXTargetDependency */ = {
			isa = PBXTargetDependency;
			target = B6FEF47C1F99919A0019876D /* WKWebDemo */;
			targetProxy = B6FEF4A11F99919A0019876D /* PBXContainerItemProxy */;
		};
/* End PBXTargetDependency section */

/* Begin PBXVariantGroup section */
		B6FEF4861F99919A0019876D /* Main.storyboard */ = {
			isa = PBXVariantGroup;
			children = (
				B6FEF4871F99919A0019876D /* Base */,
			);
			name = Main.storyboard;
			sourceTree = "<group>";
		};
		B6FEF48B1F99919A0019876D /* LaunchScreen.storyboard */ = {
			isa = PBXVariantGroup;
			children = (
				B6FEF48C1F99919A0019876D /* Base */,
			);
			name = LaunchScreen.storyboard;
			sourceTree = "<group>";
		};
/* End PBXVariantGroup section */

/* Begin XCBuildConfiguration section */
		B6FEF4A71F99919A0019876D /* Debug */ = {
			isa = XCBuildConfiguration;
			buildSettings = {
				ALWAYS_SEARCH_USER_PATHS = NO;
				CLANG_ANALYZER_NONNULL = YES;
				CLANG_ANALYZER_NUMBER_OBJECT_CONVERSION = YES_AGGRESSIVE;
				CLANG_CXX_LANGUAGE_STANDARD = "gnu++14";
				CLANG_CXX_LIBRARY = "libc++";
				CLANG_ENABLE_MODULES = YES;
				CLANG_ENABLE_OBJC_ARC = YES;
				CLANG_WARN_BLOCK_CAPTURE_AUTORELEASING = YES;
				CLANG_WARN_BOOL_CONVERSION = YES;
				CLANG_WARN_COMMA = YES;
				CLANG_WARN_CONSTANT_CONVERSION = YES;
				CLANG_WARN_DIRECT_OBJC_ISA_USAGE = YES_ERROR;
				CLANG_WARN_DOCUMENTATION_COMMENTS = YES;
				CLANG_WARN_EMPTY_BODY = YES;
				CLANG_WARN_ENUM_CONVERSION = YES;
				CLANG_WARN_INFINITE_RECURSION = YES;
				CLANG_WARN_INT_CONVERSION = YES;
				CLANG_WARN_NON_LITERAL_NULL_CONVERSION = YES;
				CLANG_WARN_OBJC_LITERAL_CONVERSION = YES;
				CLANG_WARN_OBJC_ROOT_CLASS = YES_ERROR;
				CLANG_WARN_RANGE_LOOP_ANALYSIS = YES;
				CLANG_WARN_STRICT_PROTOTYPES = YES;
				CLANG_WARN_SUSPICIOUS_MOVE = YES;
				CLANG_WARN_UNGUARDED_AVAILABILITY = YES_AGGRESSIVE;
				CLANG_WARN_UNREACHABLE_CODE = YES;
				CLANG_WARN__DUPLICATE_METHOD_MATCH = YES;
				CODE_SIGN_IDENTITY = "iPhone Developer";
				COPY_PHASE_STRIP = NO;
				DEBUG_INFORMATION_FORMAT = dwarf;
				ENABLE_STRICT_OBJC_MSGSEND = YES;
				ENABLE_TESTABILITY = YES;
				GCC_C_LANGUAGE_STANDARD = gnu11;
				GCC_DYNAMIC_NO_PIC = NO;
				GCC_NO_COMMON_BLOCKS = YES;
				GCC_OPTIMIZATION_LEVEL = 0;
				GCC_PREPROCESSOR_DEFINITIONS = (
					"DEBUG=1",
					"$(inherited)",
				);
				GCC_WARN_64_TO_32_BIT_CONVERSION = YES;
				GCC_WARN_ABOUT_RETURN_TYPE = YES_ERROR;
				GCC_WARN_UNDECLARED_SELECTOR = YES;
				GCC_WARN_UNINITIALIZED_AUTOS = YES_AGGRESSIVE;
				GCC_WARN_UNUSED_FUNCTION = YES;
				GCC_WARN_UNUSED_VARIABLE = YES;
				IPHONEOS_DEPLOYMENT_TARGET = 11.0;
				MTL_ENABLE_DEBUG_INFO = YES;
				ONLY_ACTIVE_ARCH = YES;
				SDKROOT = iphoneos;
			};
			name = Debug;
		};
		B6FEF4A81F99919A0019876D /* Release */ = {
			isa = XCBuildConfiguration;
			buildSettings = {
				ALWAYS_SEARCH_USER_PATHS = NO;
				CLANG_ANALYZER_NONNULL = YES;
				CLANG_ANALYZER_NUMBER_OBJECT_CONVERSION = YES_AGGRESSIVE;
				CLANG_CXX_LANGUAGE_STANDARD = "gnu++14";
				CLANG_CXX_LIBRARY = "libc++";
				CLANG_ENABLE_MODULES = YES;
				CLANG_ENABLE_OBJC_ARC = YES;
				CLANG_WARN_BLOCK_CAPTURE_AUTORELEASING = YES;
				CLANG_WARN_BOOL_CONVERSION = YES;
				CLANG_WARN_COMMA = YES;
				CLANG_WARN_CONSTANT_CONVERSION = YES;
				CLANG_WARN_DIRECT_OBJC_ISA_USAGE = YES_ERROR;
				CLANG_WARN_DOCUMENTATION_COMMENTS = YES;
				CLANG_WARN_EMPTY_BODY = YES;
				CLANG_WARN_ENUM_CONVERSION = YES;
				CLANG_WARN_INFINITE_RECURSION = YES;
				CLANG_WARN_INT_CONVERSION = YES;
				CLANG_WARN_NON_LITERAL_NULL_CONVERSION = YES;
				CLANG_WARN_OBJC_LITERAL_CONVERSION = YES;
				CLANG_WARN_OBJC_ROOT_CLASS = YES_ERROR;
				CLANG_WARN_RANGE_LOOP_ANALYSIS = YES;
				CLANG_WARN_STRICT_PROTOTYPES = YES;
				CLANG_WARN_SUSPICIOUS_MOVE = YES;
				CLANG_WARN_UNGUARDED_AVAILABILITY = YES_AGGRESSIVE;
				CLANG_WARN_UNREACHABLE_CODE = YES;
				CLANG_WARN__DUPLICATE_METHOD_MATCH = YES;
				CODE_SIGN_IDENTITY = "iPhone Developer";
				COPY_PHASE_STRIP = NO;
				DEBUG_INFORMATION_FORMAT = "dwarf-with-dsym";
				ENABLE_NS_ASSERTIONS = NO;
				ENABLE_STRICT_OBJC_MSGSEND = YES;
				GCC_C_LANGUAGE_STANDARD = gnu11;
				GCC_NO_COMMON_BLOCKS = YES;
				GCC_WARN_64_TO_32_BIT_CONVERSION = YES;
				GCC_WARN_ABOUT_RETURN_TYPE = YES_ERROR;
				GCC_WARN_UNDECLARED_SELECTOR = YES;
				GCC_WARN_UNINITIALIZED_AUTOS = YES_AGGRESSIVE;
				GCC_WARN_UNUSED_FUNCTION = YES;
				GCC_WARN_UNUSED_VARIABLE = YES;
				IPHONEOS_DEPLOYMENT_TARGET = 11.0;
				MTL_ENABLE_DEBUG_INFO = NO;
				SDKROOT = iphoneos;
				VALIDATE_PRODUCT = YES;
			};
			name = Release;
		};
		B6FEF4AA1F99919A0019876D /* Debug */ = {
			isa = XCBuildConfiguration;
			baseConfigurationReference = E83236DC83B2FC3D4EFED844 /* Pods-WKWebDemo.debug.xcconfig */;
			buildSettings = {
				ASSETCATALOG_COMPILER_APPICON_NAME = AppIcon;
				CODE_SIGN_STYLE = Automatic;
				DEVELOPMENT_TEAM = "";
				INFOPLIST_FILE = WKWebDemo/Info.plist;
				IPHONEOS_DEPLOYMENT_TARGET = 8.0;
				LD_RUNPATH_SEARCH_PATHS = "$(inherited) @executable_path/Frameworks";
				PRODUCT_BUNDLE_IDENTIFIER = com.youjuke.WKWebDemo;
				PRODUCT_NAME = "$(TARGET_NAME)";
				TARGETED_DEVICE_FAMILY = "1,2";
			};
			name = Debug;
		};
		B6FEF4AB1F99919A0019876D /* Release */ = {
			isa = XCBuildConfiguration;
			baseConfigurationReference = 400D756AE706EEBBF90952D5 /* Pods-WKWebDemo.release.xcconfig */;
			buildSettings = {
				ASSETCATALOG_COMPILER_APPICON_NAME = AppIcon;
				CODE_SIGN_STYLE = Automatic;
				DEVELOPMENT_TEAM = "";
				INFOPLIST_FILE = WKWebDemo/Info.plist;
				IPHONEOS_DEPLOYMENT_TARGET = 8.0;
				LD_RUNPATH_SEARCH_PATHS = "$(inherited) @executable_path/Frameworks";
				PRODUCT_BUNDLE_IDENTIFIER = com.youjuke.WKWebDemo;
				PRODUCT_NAME = "$(TARGET_NAME)";
				TARGETED_DEVICE_FAMILY = "1,2";
			};
			name = Release;
		};
		B6FEF4AD1F99919A0019876D /* Debug */ = {
			isa = XCBuildConfiguration;
			baseConfigurationReference = B5A8BFBB4EA189BAC0C00E32 /* Pods-WKWebDemoTests.debug.xcconfig */;
			buildSettings = {
				BUNDLE_LOADER = "$(TEST_HOST)";
				CODE_SIGN_STYLE = Automatic;
				INFOPLIST_FILE = WKWebDemoTests/Info.plist;
				LD_RUNPATH_SEARCH_PATHS = "$(inherited) @executable_path/Frameworks @loader_path/Frameworks";
				PRODUCT_BUNDLE_IDENTIFIER = com.youjuke.WKWebDemoTests;
				PRODUCT_NAME = "$(TARGET_NAME)";
				TARGETED_DEVICE_FAMILY = "1,2";
				TEST_HOST = "$(BUILT_PRODUCTS_DIR)/WKWebDemo.app/WKWebDemo";
			};
			name = Debug;
		};
		B6FEF4AE1F99919A0019876D /* Release */ = {
			isa = XCBuildConfiguration;
			baseConfigurationReference = 752D1709DA973F5CE1054DFE /* Pods-WKWebDemoTests.release.xcconfig */;
			buildSettings = {
				BUNDLE_LOADER = "$(TEST_HOST)";
				CODE_SIGN_STYLE = Automatic;
				INFOPLIST_FILE = WKWebDemoTests/Info.plist;
				LD_RUNPATH_SEARCH_PATHS = "$(inherited) @executable_path/Frameworks @loader_path/Frameworks";
				PRODUCT_BUNDLE_IDENTIFIER = com.youjuke.WKWebDemoTests;
				PRODUCT_NAME = "$(TARGET_NAME)";
				TARGETED_DEVICE_FAMILY = "1,2";
				TEST_HOST = "$(BUILT_PRODUCTS_DIR)/WKWebDemo.app/WKWebDemo";
			};
			name = Release;
		};
		B6FEF4B01F99919A0019876D /* Debug */ = {
			isa = XCBuildConfiguration;
			baseConfigurationReference = 39029BB276A42325E14E12C1 /* Pods-WKWebDemoUITests.debug.xcconfig */;
			buildSettings = {
				CODE_SIGN_STYLE = Automatic;
				INFOPLIST_FILE = WKWebDemoUITests/Info.plist;
				LD_RUNPATH_SEARCH_PATHS = "$(inherited) @executable_path/Frameworks @loader_path/Frameworks";
				PRODUCT_BUNDLE_IDENTIFIER = com.youjuke.WKWebDemoUITests;
				PRODUCT_NAME = "$(TARGET_NAME)";
				TARGETED_DEVICE_FAMILY = "1,2";
				TEST_TARGET_NAME = WKWebDemo;
			};
			name = Debug;
		};
		B6FEF4B11F99919A0019876D /* Release */ = {
			isa = XCBuildConfiguration;
			baseConfigurationReference = 0F916B2EC0D170A6CE1AF7E3 /* Pods-WKWebDemoUITests.release.xcconfig */;
			buildSettings = {
				CODE_SIGN_STYLE = Automatic;
				INFOPLIST_FILE = WKWebDemoUITests/Info.plist;
				LD_RUNPATH_SEARCH_PATHS = "$(inherited) @executable_path/Frameworks @loader_path/Frameworks";
				PRODUCT_BUNDLE_IDENTIFIER = com.youjuke.WKWebDemoUITests;
				PRODUCT_NAME = "$(TARGET_NAME)";
				TARGETED_DEVICE_FAMILY = "1,2";
				TEST_TARGET_NAME = WKWebDemo;
			};
			name = Release;
		};
/* End XCBuildConfiguration section */

/* Begin XCConfigurationList section */
		B6FEF4781F99919A0019876D /* Build configuration list for PBXProject "WKWebDemo" */ = {
			isa = XCConfigurationList;
			buildConfigurations = (
				B6FEF4A71F99919A0019876D /* Debug */,
				B6FEF4A81F99919A0019876D /* Release */,
			);
			defaultConfigurationIsVisible = 0;
			defaultConfigurationName = Release;
		};
		B6FEF4A91F99919A0019876D /* Build configuration list for PBXNativeTarget "WKWebDemo" */ = {
			isa = XCConfigurationList;
			buildConfigurations = (
				B6FEF4AA1F99919A0019876D /* Debug */,
				B6FEF4AB1F99919A0019876D /* Release */,
			);
			defaultConfigurationIsVisible = 0;
			defaultConfigurationName = Release;
		};
		B6FEF4AC1F99919A0019876D /* Build configuration list for PBXNativeTarget "WKWebDemoTests" */ = {
			isa = XCConfigurationList;
			buildConfigurations = (
				B6FEF4AD1F99919A0019876D /* Debug */,
				B6FEF4AE1F99919A0019876D /* Release */,
			);
			defaultConfigurationIsVisible = 0;
			defaultConfigurationName = Release;
		};
		B6FEF4AF1F99919A0019876D /* Build configuration list for PBXNativeTarget "WKWebDemoUITests" */ = {
			isa = XCConfigurationList;
			buildConfigurations = (
				B6FEF4B01F99919A0019876D /* Debug */,
				B6FEF4B11F99919A0019876D /* Release */,
			);
			defaultConfigurationIsVisible = 0;
			defaultConfigurationName = Release;
		};
/* End XCConfigurationList section */
	};
	rootObject = B6FEF4751F99919A0019876D /* Project object */;
}
